// !$*UTF8*$!
{
	archiveVersion = 1;
	classes = {
	};
	objectVersion = 50;
	objects = {

/* Begin PBXBuildFile section */
		CEA17F12211963DC00ABE8AA /* AppDelegate.swift in Sources */ = {isa = PBXBuildFile; fileRef = CEA17F11211963DC00ABE8AA /* AppDelegate.swift */; };
		CEA17F14211963DC00ABE8AA /* MemoViewController.swift in Sources */ = {isa = PBXBuildFile; fileRef = CEA17F13211963DC00ABE8AA /* MemoViewController.swift */; };
		CEA17F16211963DC00ABE8AA /* MemoListViewController.swift in Sources */ = {isa = PBXBuildFile; fileRef = CEA17F15211963DC00ABE8AA /* MemoListViewController.swift */; };
		CEA17F19211963DC00ABE8AA /* Main.storyboard in Resources */ = {isa = PBXBuildFile; fileRef = CEA17F17211963DC00ABE8AA /* Main.storyboard */; };
		CEA17F1B211963DD00ABE8AA /* Assets.xcassets in Resources */ = {isa = PBXBuildFile; fileRef = CEA17F1A211963DD00ABE8AA /* Assets.xcassets */; };
		CEA17F1E211963DD00ABE8AA /* LaunchScreen.storyboard in Resources */ = {isa = PBXBuildFile; fileRef = CEA17F1C211963DD00ABE8AA /* LaunchScreen.storyboard */; };
		CEA17F29211963DD00ABE8AA /* MyMemoTests.swift in Sources */ = {isa = PBXBuildFile; fileRef = CEA17F28211963DD00ABE8AA /* MyMemoTests.swift */; };
		CEA17F34211963DD00ABE8AA /* MyMemoUITests.swift in Sources */ = {isa = PBXBuildFile; fileRef = CEA17F33211963DD00ABE8AA /* MyMemoUITests.swift */; };
		CEA17F44211A830900ABE8AA /* RealmSwift.framework in Frameworks */ = {isa = PBXBuildFile; fileRef = CEA17F42211A830900ABE8AA /* RealmSwift.framework */; };
		CEA17F48211A916600ABE8AA /* Realm.framework in Frameworks */ = {isa = PBXBuildFile; fileRef = CEA17F43211A830900ABE8AA /* Realm.framework */; };
		CEA17F49211A916600ABE8AA /* Realm.framework in Embed Frameworks */ = {isa = PBXBuildFile; fileRef = CEA17F43211A830900ABE8AA /* Realm.framework */; settings = {ATTRIBUTES = (CodeSignOnCopy, RemoveHeadersOnCopy, ); }; };
		CEA17F4B211A916600ABE8AA /* RealmSwift.framework in Embed Frameworks */ = {isa = PBXBuildFile; fileRef = CEA17F42211A830900ABE8AA /* RealmSwift.framework */; settings = {ATTRIBUTES = (CodeSignOnCopy, RemoveHeadersOnCopy, ); }; };
		CEA17F4F211BD4A300ABE8AA /* RealmManager.swift in Sources */ = {isa = PBXBuildFile; fileRef = CEA17F4E211BD4A300ABE8AA /* RealmManager.swift */; };
		CEA17F52211BDB6400ABE8AA /* TextContentModel.swift in Sources */ = {isa = PBXBuildFile; fileRef = CEA17F51211BDB6400ABE8AA /* TextContentModel.swift */; };
		CEA17F54211C0F9200ABE8AA /* Util.swift in Sources */ = {isa = PBXBuildFile; fileRef = CEA17F53211C0F9200ABE8AA /* Util.swift */; };
		CEA17F5A2121298100ABE8AA /* UIViewController+Extension.swift in Sources */ = {isa = PBXBuildFile; fileRef = CEA17F592121298100ABE8AA /* UIViewController+Extension.swift */; };
/* End PBXBuildFile section */

/* Begin PBXContainerItemProxy section */
		CEA17F25211963DD00ABE8AA /* PBXContainerItemProxy */ = {
			isa = PBXContainerItemProxy;
			containerPortal = CEA17F06211963DC00ABE8AA /* Project object */;
			proxyType = 1;
			remoteGlobalIDString = CEA17F0D211963DC00ABE8AA;
			remoteInfo = MyMemo;
		};
		CEA17F30211963DD00ABE8AA /* PBXContainerItemProxy */ = {
			isa = PBXContainerItemProxy;
			containerPortal = CEA17F06211963DC00ABE8AA /* Project object */;
			proxyType = 1;
			remoteGlobalIDString = CEA17F0D211963DC00ABE8AA;
			remoteInfo = MyMemo;
		};
/* End PBXContainerItemProxy section */

/* Begin PBXCopyFilesBuildPhase section */
		CEA17F4C211A916600ABE8AA /* Embed Frameworks */ = {
			isa = PBXCopyFilesBuildPhase;
			buildActionMask = 2147483647;
			dstPath = "";
			dstSubfolderSpec = 10;
			files = (
				CEA17F4B211A916600ABE8AA /* RealmSwift.framework in Embed Frameworks */,
				CEA17F49211A916600ABE8AA /* Realm.framework in Embed Frameworks */,
			);
			name = "Embed Frameworks";
			runOnlyForDeploymentPostprocessing = 0;
		};
/* End PBXCopyFilesBuildPhase section */

/* Begin PBXFileReference section */
		CEA17F0E211963DC00ABE8AA /* MyMemo.app */ = {isa = PBXFileReference; explicitFileType = wrapper.application; includeInIndex = 0; path = MyMemo.app; sourceTree = BUILT_PRODUCTS_DIR; };
		CEA17F11211963DC00ABE8AA /* AppDelegate.swift */ = {isa = PBXFileReference; lastKnownFileType = sourcecode.swift; path = AppDelegate.swift; sourceTree = "<group>"; };
		CEA17F13211963DC00ABE8AA /* MemoViewController.swift */ = {isa = PBXFileReference; lastKnownFileType = sourcecode.swift; path = MemoViewController.swift; sourceTree = "<group>"; };
		CEA17F15211963DC00ABE8AA /* MemoListViewController.swift */ = {isa = PBXFileReference; lastKnownFileType = sourcecode.swift; path = MemoListViewController.swift; sourceTree = "<group>"; };
		CEA17F18211963DC00ABE8AA /* Base */ = {isa = PBXFileReference; lastKnownFileType = file.storyboard; name = Base; path = Base.lproj/Main.storyboard; sourceTree = "<group>"; };
		CEA17F1A211963DD00ABE8AA /* Assets.xcassets */ = {isa = PBXFileReference; lastKnownFileType = folder.assetcatalog; path = Assets.xcassets; sourceTree = "<group>"; };
		CEA17F1D211963DD00ABE8AA /* Base */ = {isa = PBXFileReference; lastKnownFileType = file.storyboard; name = Base; path = Base.lproj/LaunchScreen.storyboard; sourceTree = "<group>"; };
		CEA17F1F211963DD00ABE8AA /* Info.plist */ = {isa = PBXFileReference; lastKnownFileType = text.plist.xml; path = Info.plist; sourceTree = "<group>"; };
		CEA17F24211963DD00ABE8AA /* MyMemoTests.xctest */ = {isa = PBXFileReference; explicitFileType = wrapper.cfbundle; includeInIndex = 0; path = MyMemoTests.xctest; sourceTree = BUILT_PRODUCTS_DIR; };
		CEA17F28211963DD00ABE8AA /* MyMemoTests.swift */ = {isa = PBXFileReference; lastKnownFileType = sourcecode.swift; path = MyMemoTests.swift; sourceTree = "<group>"; };
		CEA17F2A211963DD00ABE8AA /* Info.plist */ = {isa = PBXFileReference; lastKnownFileType = text.plist.xml; path = Info.plist; sourceTree = "<group>"; };
		CEA17F2F211963DD00ABE8AA /* MyMemoUITests.xctest */ = {isa = PBXFileReference; explicitFileType = wrapper.cfbundle; includeInIndex = 0; path = MyMemoUITests.xctest; sourceTree = BUILT_PRODUCTS_DIR; };
		CEA17F33211963DD00ABE8AA /* MyMemoUITests.swift */ = {isa = PBXFileReference; lastKnownFileType = sourcecode.swift; path = MyMemoUITests.swift; sourceTree = "<group>"; };
		CEA17F35211963DD00ABE8AA /* Info.plist */ = {isa = PBXFileReference; lastKnownFileType = text.plist.xml; path = Info.plist; sourceTree = "<group>"; };
		CEA17F42211A830900ABE8AA /* RealmSwift.framework */ = {isa = PBXFileReference; lastKnownFileType = wrapper.framework; name = RealmSwift.framework; path = Framework/Realm/RealmSwift.framework; sourceTree = "<group>"; };
		CEA17F43211A830900ABE8AA /* Realm.framework */ = {isa = PBXFileReference; lastKnownFileType = wrapper.framework; name = Realm.framework; path = Framework/Realm/Realm.framework; sourceTree = "<group>"; };
		CEA17F4E211BD4A300ABE8AA /* RealmManager.swift */ = {isa = PBXFileReference; lastKnownFileType = sourcecode.swift; path = RealmManager.swift; sourceTree = "<group>"; };
		CEA17F51211BDB6400ABE8AA /* TextContentModel.swift */ = {isa = PBXFileReference; lastKnownFileType = sourcecode.swift; path = TextContentModel.swift; sourceTree = "<group>"; };
		CEA17F53211C0F9200ABE8AA /* Util.swift */ = {isa = PBXFileReference; lastKnownFileType = sourcecode.swift; path = Util.swift; sourceTree = "<group>"; };
		CEA17F592121298100ABE8AA /* UIViewController+Extension.swift */ = {isa = PBXFileReference; lastKnownFileType = sourcecode.swift; path = "UIViewController+Extension.swift"; sourceTree = "<group>"; };
/* End PBXFileReference section */

/* Begin PBXFrameworksBuildPhase section */
		CEA17F0B211963DC00ABE8AA /* Frameworks */ = {
			isa = PBXFrameworksBuildPhase;
			buildActionMask = 2147483647;
			files = (
				CEA17F48211A916600ABE8AA /* Realm.framework in Frameworks */,
				CEA17F44211A830900ABE8AA /* RealmSwift.framework in Frameworks */,
			);
			runOnlyForDeploymentPostprocessing = 0;
		};
		CEA17F21211963DD00ABE8AA /* Frameworks */ = {
			isa = PBXFrameworksBuildPhase;
			buildActionMask = 2147483647;
			files = (
			);
			runOnlyForDeploymentPostprocessing = 0;
		};
		CEA17F2C211963DD00ABE8AA /* Frameworks */ = {
			isa = PBXFrameworksBuildPhase;
			buildActionMask = 2147483647;
			files = (
			);
			runOnlyForDeploymentPostprocessing = 0;
		};
/* End PBXFrameworksBuildPhase section */

/* Begin PBXGroup section */
		CEA17F05211963DC00ABE8AA = {
			isa = PBXGroup;
			children = (
				CEA17F10211963DC00ABE8AA /* MyMemo */,
				CEA17F27211963DD00ABE8AA /* MyMemoTests */,
				CEA17F32211963DD00ABE8AA /* MyMemoUITests */,
				CEA17F0F211963DC00ABE8AA /* Products */,
				CEA17F41211A830900ABE8AA /* Frameworks */,
			);
			sourceTree = "<group>";
		};
		CEA17F0F211963DC00ABE8AA /* Products */ = {
			isa = PBXGroup;
			children = (
				CEA17F0E211963DC00ABE8AA /* MyMemo.app */,
				CEA17F24211963DD00ABE8AA /* MyMemoTests.xctest */,
				CEA17F2F211963DD00ABE8AA /* MyMemoUITests.xctest */,
			);
			name = Products;
			sourceTree = "<group>";
		};
		CEA17F10211963DC00ABE8AA /* MyMemo */ = {
			isa = PBXGroup;
			children = (
				CEA17F582121292000ABE8AA /* extension */,
				CEA17F55211C104300ABE8AA /* Util */,
				CEA17F50211BDB4C00ABE8AA /* Model */,
				CEA17F4D211BD48900ABE8AA /* Manager */,
				CEA17F11211963DC00ABE8AA /* AppDelegate.swift */,
				CEA17F13211963DC00ABE8AA /* MemoViewController.swift */,
				CEA17F15211963DC00ABE8AA /* MemoListViewController.swift */,
				CEA17F17211963DC00ABE8AA /* Main.storyboard */,
				CEA17F1A211963DD00ABE8AA /* Assets.xcassets */,
				CEA17F1C211963DD00ABE8AA /* LaunchScreen.storyboard */,
				CEA17F1F211963DD00ABE8AA /* Info.plist */,
			);
			path = MyMemo;
			sourceTree = "<group>";
		};
		CEA17F27211963DD00ABE8AA /* MyMemoTests */ = {
			isa = PBXGroup;
			children = (
				CEA17F28211963DD00ABE8AA /* MyMemoTests.swift */,
				CEA17F2A211963DD00ABE8AA /* Info.plist */,
			);
			path = MyMemoTests;
			sourceTree = "<group>";
		};
		CEA17F32211963DD00ABE8AA /* MyMemoUITests */ = {
			isa = PBXGroup;
			children = (
				CEA17F33211963DD00ABE8AA /* MyMemoUITests.swift */,
				CEA17F35211963DD00ABE8AA /* Info.plist */,
			);
			path = MyMemoUITests;
			sourceTree = "<group>";
		};
		CEA17F41211A830900ABE8AA /* Frameworks */ = {
			isa = PBXGroup;
			children = (
				CEA17F43211A830900ABE8AA /* Realm.framework */,
				CEA17F42211A830900ABE8AA /* RealmSwift.framework */,
			);
			name = Frameworks;
			sourceTree = "<group>";
		};
		CEA17F4D211BD48900ABE8AA /* Manager */ = {
			isa = PBXGroup;
			children = (
				CEA17F4E211BD4A300ABE8AA /* RealmManager.swift */,
			);
			path = Manager;
			sourceTree = "<group>";
		};
		CEA17F50211BDB4C00ABE8AA /* Model */ = {
			isa = PBXGroup;
			children = (
				CEA17F51211BDB6400ABE8AA /* TextContentModel.swift */,
			);
			path = Model;
			sourceTree = "<group>";
		};
		CEA17F55211C104300ABE8AA /* Util */ = {
			isa = PBXGroup;
			children = (
				CEA17F53211C0F9200ABE8AA /* Util.swift */,
			);
			path = Util;
			sourceTree = "<group>";
		};
		CEA17F582121292000ABE8AA /* extension */ = {
			isa = PBXGroup;
			children = (
				CEA17F592121298100ABE8AA /* UIViewController+Extension.swift */,
			);
			path = extension;
			sourceTree = "<group>";
		};
/* End PBXGroup section */

/* Begin PBXNativeTarget section */
		CEA17F0D211963DC00ABE8AA /* MyMemo */ = {
			isa = PBXNativeTarget;
			buildConfigurationList = CEA17F38211963DD00ABE8AA /* Build configuration list for PBXNativeTarget "MyMemo" */;
			buildPhases = (
				CEA17F0A211963DC00ABE8AA /* Sources */,
				CEA17F0B211963DC00ABE8AA /* Frameworks */,
				CEA17F0C211963DC00ABE8AA /* Resources */,
				CEA17F4C211A916600ABE8AA /* Embed Frameworks */,
			);
			buildRules = (
			);
			dependencies = (
			);
			name = MyMemo;
			productName = MyMemo;
			productReference = CEA17F0E211963DC00ABE8AA /* MyMemo.app */;
			productType = "com.apple.product-type.application";
		};
		CEA17F23211963DD00ABE8AA /* MyMemoTests */ = {
			isa = PBXNativeTarget;
			buildConfigurationList = CEA17F3B211963DD00ABE8AA /* Build configuration list for PBXNativeTarget "MyMemoTests" */;
			buildPhases = (
				CEA17F20211963DD00ABE8AA /* Sources */,
				CEA17F21211963DD00ABE8AA /* Frameworks */,
				CEA17F22211963DD00ABE8AA /* Resources */,
			);
			buildRules = (
			);
			dependencies = (
				CEA17F26211963DD00ABE8AA /* PBXTargetDependency */,
			);
			name = MyMemoTests;
			productName = MyMemoTests;
			productReference = CEA17F24211963DD00ABE8AA /* MyMemoTests.xctest */;
			productType = "com.apple.product-type.bundle.unit-test";
		};
		CEA17F2E211963DD00ABE8AA /* MyMemoUITests */ = {
			isa = PBXNativeTarget;
			buildConfigurationList = CEA17F3E211963DD00ABE8AA /* Build configuration list for PBXNativeTarget "MyMemoUITests" */;
			buildPhases = (
				CEA17F2B211963DD00ABE8AA /* Sources */,
				CEA17F2C211963DD00ABE8AA /* Frameworks */,
				CEA17F2D211963DD00ABE8AA /* Resources */,
			);
			buildRules = (
			);
			dependencies = (
				CEA17F31211963DD00ABE8AA /* PBXTargetDependency */,
			);
			name = MyMemoUITests;
			productName = MyMemoUITests;
			productReference = CEA17F2F211963DD00ABE8AA /* MyMemoUITests.xctest */;
			productType = "com.apple.product-type.bundle.ui-testing";
		};
/* End PBXNativeTarget section */

/* Begin PBXProject section */
		CEA17F06211963DC00ABE8AA /* Project object */ = {
			isa = PBXProject;
			attributes = {
				LastSwiftUpdateCheck = 0940;
				LastUpgradeCheck = 0940;
				ORGANIZATIONNAME = OgataRina;
				TargetAttributes = {
					CEA17F0D211963DC00ABE8AA = {
						CreatedOnToolsVersion = 9.4.1;
					};
					CEA17F23211963DD00ABE8AA = {
						CreatedOnToolsVersion = 9.4.1;
						TestTargetID = CEA17F0D211963DC00ABE8AA;
					};
					CEA17F2E211963DD00ABE8AA = {
						CreatedOnToolsVersion = 9.4.1;
						TestTargetID = CEA17F0D211963DC00ABE8AA;
					};
				};
			};
			buildConfigurationList = CEA17F09211963DC00ABE8AA /* Build configuration list for PBXProject "MyMemo" */;
			compatibilityVersion = "Xcode 9.3";
			developmentRegion = en;
			hasScannedForEncodings = 0;
			knownRegions = (
				en,
				Base,
			);
			mainGroup = CEA17F05211963DC00ABE8AA;
			productRefGroup = CEA17F0F211963DC00ABE8AA /* Products */;
			projectDirPath = "";
			projectRoot = "";
			targets = (
				CEA17F0D211963DC00ABE8AA /* MyMemo */,
				CEA17F23211963DD00ABE8AA /* MyMemoTests */,
				CEA17F2E211963DD00ABE8AA /* MyMemoUITests */,
			);
		};
/* End PBXProject section */

/* Begin PBXResourcesBuildPhase section */
		CEA17F0C211963DC00ABE8AA /* Resources */ = {
			isa = PBXResourcesBuildPhase;
			buildActionMask = 2147483647;
			files = (
				CEA17F1E211963DD00ABE8AA /* LaunchScreen.storyboard in Resources */,
				CEA17F1B211963DD00ABE8AA /* Assets.xcassets in Resources */,
				CEA17F19211963DC00ABE8AA /* Main.storyboard in Resources */,
			);
			runOnlyForDeploymentPostprocessing = 0;
		};
		CEA17F22211963DD00ABE8AA /* Resources */ = {
			isa = PBXResourcesBuildPhase;
			buildActionMask = 2147483647;
			files = (
			);
			runOnlyForDeploymentPostprocessing = 0;
		};
		CEA17F2D211963DD00ABE8AA /* Resources */ = {
			isa = PBXResourcesBuildPhase;
			buildActionMask = 2147483647;
			files = (
			);
			runOnlyForDeploymentPostprocessing = 0;
		};
/* End PBXResourcesBuildPhase section */

/* Begin PBXSourcesBuildPhase section */
		CEA17F0A211963DC00ABE8AA /* Sources */ = {
			isa = PBXSourcesBuildPhase;
			buildActionMask = 2147483647;
			files = (
				CEA17F5A2121298100ABE8AA /* UIViewController+Extension.swift in Sources */,
				CEA17F52211BDB6400ABE8AA /* TextContentModel.swift in Sources */,
				CEA17F54211C0F9200ABE8AA /* Util.swift in Sources */,
				CEA17F16211963DC00ABE8AA /* MemoListViewController.swift in Sources */,
				CEA17F4F211BD4A300ABE8AA /* RealmManager.swift in Sources */,
				CEA17F12211963DC00ABE8AA /* AppDelegate.swift in Sources */,
				CEA17F14211963DC00ABE8AA /* MemoViewController.swift in Sources */,
			);
			runOnlyForDeploymentPostprocessing = 0;
		};
		CEA17F20211963DD00ABE8AA /* Sources */ = {
			isa = PBXSourcesBuildPhase;
			buildActionMask = 2147483647;
			files = (
				CEA17F29211963DD00ABE8AA /* MyMemoTests.swift in Sources */,
			);
			runOnlyForDeploymentPostprocessing = 0;
		};
		CEA17F2B211963DD00ABE8AA /* Sources */ = {
			isa = PBXSourcesBuildPhase;
			buildActionMask = 2147483647;
			files = (
				CEA17F34211963DD00ABE8AA /* MyMemoUITests.swift in Sources */,
			);
			runOnlyForDeploymentPostprocessing = 0;
		};
/* End PBXSourcesBuildPhase section */

/* Begin PBXTargetDependency section */
		CEA17F26211963DD00ABE8AA /* PBXTargetDependency */ = {
			isa = PBXTargetDependency;
			target = CEA17F0D211963DC00ABE8AA /* MyMemo */;
			targetProxy = CEA17F25211963DD00ABE8AA /* PBXContainerItemProxy */;
		};
		CEA17F31211963DD00ABE8AA /* PBXTargetDependency */ = {
			isa = PBXTargetDependency;
			target = CEA17F0D211963DC00ABE8AA /* MyMemo */;
			targetProxy = CEA17F30211963DD00ABE8AA /* PBXContainerItemProxy */;
		};
/* End PBXTargetDependency section */

/* Begin PBXVariantGroup section */
		CEA17F17211963DC00ABE8AA /* Main.storyboard */ = {
			isa = PBXVariantGroup;
			children = (
				CEA17F18211963DC00ABE8AA /* Base */,
			);
			name = Main.storyboard;
			sourceTree = "<group>";
		};
		CEA17F1C211963DD00ABE8AA /* LaunchScreen.storyboard */ = {
			isa = PBXVariantGroup;
			children = (
				CEA17F1D211963DD00ABE8AA /* Base */,
			);
			name = LaunchScreen.storyboard;
			sourceTree = "<group>";
		};
/* End PBXVariantGroup section */

/* Begin XCBuildConfiguration section */
		CEA17F36211963DD00ABE8AA /* Debug */ = {
			isa = XCBuildConfiguration;
			buildSettings = {
				ALWAYS_SEARCH_USER_PATHS = NO;
				CLANG_ANALYZER_NONNULL = YES;
				CLANG_ANALYZER_NUMBER_OBJECT_CONVERSION = YES_AGGRESSIVE;
				CLANG_CXX_LANGUAGE_STANDARD = "gnu++14";
				CLANG_CXX_LIBRARY = "libc++";
				CLANG_ENABLE_MODULES = YES;
				CLANG_ENABLE_OBJC_ARC = YES;
				CLANG_ENABLE_OBJC_WEAK = YES;
				CLANG_WARN_BLOCK_CAPTURE_AUTORELEASING = YES;
				CLANG_WARN_BOOL_CONVERSION = YES;
				CLANG_WARN_COMMA = YES;
				CLANG_WARN_CONSTANT_CONVERSION = YES;
				CLANG_WARN_DEPRECATED_OBJC_IMPLEMENTATIONS = YES;
				CLANG_WARN_DIRECT_OBJC_ISA_USAGE = YES_ERROR;
				CLANG_WARN_DOCUMENTATION_COMMENTS = YES;
				CLANG_WARN_EMPTY_BODY = YES;
				CLANG_WARN_ENUM_CONVERSION = YES;
				CLANG_WARN_INFINITE_RECURSION = YES;
				CLANG_WARN_INT_CONVERSION = YES;
				CLANG_WARN_NON_LITERAL_NULL_CONVERSION = YES;
				CLANG_WARN_OBJC_IMPLICIT_RETAIN_SELF = YES;
				CLANG_WARN_OBJC_LITERAL_CONVERSION = YES;
				CLANG_WARN_OBJC_ROOT_CLASS = YES_ERROR;
				CLANG_WARN_RANGE_LOOP_ANALYSIS = YES;
				CLANG_WARN_STRICT_PROTOTYPES = YES;
				CLANG_WARN_SUSPICIOUS_MOVE = YES;
				CLANG_WARN_UNGUARDED_AVAILABILITY = YES_AGGRESSIVE;
				CLANG_WARN_UNREACHABLE_CODE = YES;
				CLANG_WARN__DUPLICATE_METHOD_MATCH = YES;
				CODE_SIGN_IDENTITY = "iPhone Developer";
				COPY_PHASE_STRIP = NO;
				DEBUG_INFORMATION_FORMAT = dwarf;
				ENABLE_STRICT_OBJC_MSGSEND = YES;
				ENABLE_TESTABILITY = YES;
				GCC_C_LANGUAGE_STANDARD = gnu11;
				GCC_DYNAMIC_NO_PIC = NO;
				GCC_NO_COMMON_BLOCKS = YES;
				GCC_OPTIMIZATION_LEVEL = 0;
				GCC_PREPROCESSOR_DEFINITIONS = (
					"DEBUG=1",
					"$(inherited)",
				);
				GCC_WARN_64_TO_32_BIT_CONVERSION = YES;
				GCC_WARN_ABOUT_RETURN_TYPE = YES_ERROR;
				GCC_WARN_UNDECLARED_SELECTOR = YES;
				GCC_WARN_UNINITIALIZED_AUTOS = YES_AGGRESSIVE;
				GCC_WARN_UNUSED_FUNCTION = YES;
				GCC_WARN_UNUSED_VARIABLE = YES;
				IPHONEOS_DEPLOYMENT_TARGET = 11.4;
				MTL_ENABLE_DEBUG_INFO = YES;
				ONLY_ACTIVE_ARCH = YES;
				SDKROOT = iphoneos;
				SWIFT_ACTIVE_COMPILATION_CONDITIONS = DEBUG;
				SWIFT_OPTIMIZATION_LEVEL = "-Onone";
			};
			name = Debug;
		};
		CEA17F37211963DD00ABE8AA /* Release */ = {
			isa = XCBuildConfiguration;
			buildSettings = {
				ALWAYS_SEARCH_USER_PATHS = NO;
				CLANG_ANALYZER_NONNULL = YES;
				CLANG_ANALYZER_NUMBER_OBJECT_CONVERSION = YES_AGGRESSIVE;
				CLANG_CXX_LANGUAGE_STANDARD = "gnu++14";
				CLANG_CXX_LIBRARY = "libc++";
				CLANG_ENABLE_MODULES = YES;
				CLANG_ENABLE_OBJC_ARC = YES;
				CLANG_ENABLE_OBJC_WEAK = YES;
				CLANG_WARN_BLOCK_CAPTURE_AUTORELEASING = YES;
				CLANG_WARN_BOOL_CONVERSION = YES;
				CLANG_WARN_COMMA = YES;
				CLANG_WARN_CONSTANT_CONVERSION = YES;
				CLANG_WARN_DEPRECATED_OBJC_IMPLEMENTATIONS = YES;
				CLANG_WARN_DIRECT_OBJC_ISA_USAGE = YES_ERROR;
				CLANG_WARN_DOCUMENTATION_COMMENTS = YES;
				CLANG_WARN_EMPTY_BODY = YES;
				CLANG_WARN_ENUM_CONVERSION = YES;
				CLANG_WARN_INFINITE_RECURSION = YES;
				CLANG_WARN_INT_CONVERSION = YES;
				CLANG_WARN_NON_LITERAL_NULL_CONVERSION = YES;
				CLANG_WARN_OBJC_IMPLICIT_RETAIN_SELF = YES;
				CLANG_WARN_OBJC_LITERAL_CONVERSION = YES;
				CLANG_WARN_OBJC_ROOT_CLASS = YES_ERROR;
				CLANG_WARN_RANGE_LOOP_ANALYSIS = YES;
				CLANG_WARN_STRICT_PROTOTYPES = YES;
				CLANG_WARN_SUSPICIOUS_MOVE = YES;
				CLANG_WARN_UNGUARDED_AVAILABILITY = YES_AGGRESSIVE;
				CLANG_WARN_UNREACHABLE_CODE = YES;
				CLANG_WARN__DUPLICATE_METHOD_MATCH = YES;
				CODE_SIGN_IDENTITY = "iPhone Developer";
				COPY_PHASE_STRIP = NO;
				DEBUG_INFORMATION_FORMAT = "dwarf-with-dsym";
				ENABLE_NS_ASSERTIONS = NO;
				ENABLE_STRICT_OBJC_MSGSEND = YES;
				GCC_C_LANGUAGE_STANDARD = gnu11;
				GCC_NO_COMMON_BLOCKS = YES;
				GCC_WARN_64_TO_32_BIT_CONVERSION = YES;
				GCC_WARN_ABOUT_RETURN_TYPE = YES_ERROR;
				GCC_WARN_UNDECLARED_SELECTOR = YES;
				GCC_WARN_UNINITIALIZED_AUTOS = YES_AGGRESSIVE;
				GCC_WARN_UNUSED_FUNCTION = YES;
				GCC_WARN_UNUSED_VARIABLE = YES;
				IPHONEOS_DEPLOYMENT_TARGET = 11.4;
				MTL_ENABLE_DEBUG_INFO = NO;
				SDKROOT = iphoneos;
				SWIFT_COMPILATION_MODE = wholemodule;
				SWIFT_OPTIMIZATION_LEVEL = "-O";
				VALIDATE_PRODUCT = YES;
			};
			name = Release;
		};
		CEA17F39211963DD00ABE8AA /* Debug */ = {
			isa = XCBuildConfiguration;
			buildSettings = {
				ASSETCATALOG_COMPILER_APPICON_NAME = AppIcon;
				CODE_SIGN_IDENTITY = "iPhone Developer";
				CODE_SIGN_STYLE = Automatic;
				DEVELOPMENT_TEAM = GCJDE2U767;
				FRAMEWORK_SEARCH_PATHS = (
					"$(inherited)",
					"$(PROJECT_DIR)/Framework/Realm",
				);
				INFOPLIST_FILE = MyMemo/Info.plist;
				IPHONEOS_DEPLOYMENT_TARGET = 11.0;
				LD_RUNPATH_SEARCH_PATHS = (
					"$(inherited)",
					"@executable_path/Frameworks",
				);
				PRODUCT_BUNDLE_IDENTIFIER = com.myapp.memo.MyMemo;
				PRODUCT_NAME = "$(TARGET_NAME)";
				PROVISIONING_PROFILE_SPECIFIER = "";
				SWIFT_VERSION = 4.0;
				TARGETED_DEVICE_FAMILY = "1,2";
			};
			name = Debug;
		};
		CEA17F3A211963DD00ABE8AA /* Release */ = {
			isa = XCBuildConfiguration;
			buildSettings = {
				ASSETCATALOG_COMPILER_APPICON_NAME = AppIcon;
				CODE_SIGN_IDENTITY = "iPhone Developer";
				CODE_SIGN_STYLE = Automatic;
				DEVELOPMENT_TEAM = GCJDE2U767;
				FRAMEWORK_SEARCH_PATHS = (
					"$(inherited)",
					"$(PROJECT_DIR)/Framework/Realm",
				);
				INFOPLIST_FILE = MyMemo/Info.plist;
				IPHONEOS_DEPLOYMENT_TARGET = 11.0;
				LD_RUNPATH_SEARCH_PATHS = (
					"$(inherited)",
					"@executable_path/Frameworks",
				);
				PRODUCT_BUNDLE_IDENTIFIER = com.myapp.memo.MyMemo;
				PRODUCT_NAME = "$(TARGET_NAME)";
				PROVISIONING_PROFILE_SPECIFIER = "";
				SWIFT_VERSION = 4.0;
				TARGETED_DEVICE_FAMILY = "1,2";
			};
			name = Release;
		};
		CEA17F3C211963DD00ABE8AA /* Debug */ = {
			isa = XCBuildConfiguration;
			buildSettings = {
				ALWAYS_EMBED_SWIFT_STANDARD_LIBRARIES = YES;
				BUNDLE_LOADER = "$(TEST_HOST)";
				CODE_SIGN_STYLE = Automatic;
				INFOPLIST_FILE = MyMemoTests/Info.plist;
				LD_RUNPATH_SEARCH_PATHS = (
					"$(inherited)",
					"@executable_path/Frameworks",
					"@loader_path/Frameworks",
				);
				PRODUCT_BUNDLE_IDENTIFIER = com.myapp.memo.MyMemoTests;
				PRODUCT_NAME = "$(TARGET_NAME)";
				SWIFT_VERSION = 4.0;
				TARGETED_DEVICE_FAMILY = "1,2";
				TEST_HOST = "$(BUILT_PRODUCTS_DIR)/MyMemo.app/MyMemo";
			};
			name = Debug;
		};
		CEA17F3D211963DD00ABE8AA /* Release */ = {
			isa = XCBuildConfiguration;
			buildSettings = {
				ALWAYS_EMBED_SWIFT_STANDARD_LIBRARIES = YES;
				BUNDLE_LOADER = "$(TEST_HOST)";
				CODE_SIGN_STYLE = Automatic;
				INFOPLIST_FILE = MyMemoTests/Info.plist;
				LD_RUNPATH_SEARCH_PATHS = (
					"$(inherited)",
					"@executable_path/Frameworks",
					"@loader_path/Frameworks",
				);
				PRODUCT_BUNDLE_IDENTIFIER = com.myapp.memo.MyMemoTests;
				PRODUCT_NAME = "$(TARGET_NAME)";
				SWIFT_VERSION = 4.0;
				TARGETED_DEVICE_FAMILY = "1,2";
				TEST_HOST = "$(BUILT_PRODUCTS_DIR)/MyMemo.app/MyMemo";
			};
			name = Release;
		};
		CEA17F3F211963DD00ABE8AA /* Debug */ = {
			isa = XCBuildConfiguration;
			buildSettings = {
				ALWAYS_EMBED_SWIFT_STANDARD_LIBRARIES = YES;
				CODE_SIGN_STYLE = Automatic;
				INFOPLIST_FILE = MyMemoUITests/Info.plist;
				LD_RUNPATH_SEARCH_PATHS = (
					"$(inherited)",
					"@executable_path/Frameworks",
					"@loader_path/Frameworks",
				);
				PRODUCT_BUNDLE_IDENTIFIER = com.myapp.memo.MyMemoUITests;
				PRODUCT_NAME = "$(TARGET_NAME)";
				SWIFT_VERSION = 4.0;
				TARGETED_DEVICE_FAMILY = "1,2";
				TEST_TARGET_NAME = MyMemo;
			};
			name = Debug;
		};
		CEA17F40211963DD00ABE8AA /* Release */ = {
			isa = XCBuildConfiguration;
			buildSettings = {
				ALWAYS_EMBED_SWIFT_STANDARD_LIBRARIES = YES;
				CODE_SIGN_STYLE = Automatic;
				INFOPLIST_FILE = MyMemoUITests/Info.plist;
				LD_RUNPATH_SEARCH_PATHS = (
					"$(inherited)",
					"@executable_path/Frameworks",
					"@loader_path/Frameworks",
				);
				PRODUCT_BUNDLE_IDENTIFIER = com.myapp.memo.MyMemoUITests;
				PRODUCT_NAME = "$(TARGET_NAME)";
				SWIFT_VERSION = 4.0;
				TARGETED_DEVICE_FAMILY = "1,2";
				TEST_TARGET_NAME = MyMemo;
			};
			name = Release;
		};
/* End XCBuildConfiguration section */

/* Begin XCConfigurationList section */
		CEA17F09211963DC00ABE8AA /* Build configuration list for PBXProject "MyMemo" */ = {
			isa = XCConfigurationList;
			buildConfigurations = (
				CEA17F36211963DD00ABE8AA /* Debug */,
				CEA17F37211963DD00ABE8AA /* Release */,
			);
			defaultConfigurationIsVisible = 0;
			defaultConfigurationName = Release;
		};
		CEA17F38211963DD00ABE8AA /* Build configuration list for PBXNativeTarget "MyMemo" */ = {
			isa = XCConfigurationList;
			buildConfigurations = (
				CEA17F39211963DD00ABE8AA /* Debug */,
				CEA17F3A211963DD00ABE8AA /* Release */,
			);
			defaultConfigurationIsVisible = 0;
			defaultConfigurationName = Release;
		};
		CEA17F3B211963DD00ABE8AA /* Build configuration list for PBXNativeTarget "MyMemoTests" */ = {
			isa = XCConfigurationList;
			buildConfigurations = (
				CEA17F3C211963DD00ABE8AA /* Debug */,
				CEA17F3D211963DD00ABE8AA /* Release */,
			);
			defaultConfigurationIsVisible = 0;
			defaultConfigurationName = Release;
		};
		CEA17F3E211963DD00ABE8AA /* Build configuration list for PBXNativeTarget "MyMemoUITests" */ = {
			isa = XCConfigurationList;
			buildConfigurations = (
				CEA17F3F211963DD00ABE8AA /* Debug */,
				CEA17F40211963DD00ABE8AA /* Release */,
			);
			defaultConfigurationIsVisible = 0;
			defaultConfigurationName = Release;
		};
/* End XCConfigurationList section */
	};
	rootObject = CEA17F06211963DC00ABE8AA /* Project object */;
}
